
Microsoft Visual Studio Solution File, Format Version 12.00
# Visual Studio 14
VisualStudioVersion = 14.0.23107.0
MinimumVisualStudioVersion = 10.0.40219.1
Project("{FAE04EC0-301F-11D3-BF4B-00C04F79EFBC}") = "Basic", "Basic\Basic.csproj", "{C4720AEF-3993-47BE-B4B4-200A4ABD605D}"
EndProject
Project("{2150E333-8FDC-42A3-9474-1A3956D46DE8}") = "Solution Items", "Solution Items", "{D9023F7C-07D5-4AE6-9CAC-288E4973A26C}"
	ProjectSection(SolutionItems) = preProject
		Important.txt = Important.txt
	EndProjectSection
EndProject
Project("{FAE04EC0-301F-11D3-BF4B-00C04F79EFBC}") = "LinkedList", "LinkedList\LinkedList.csproj", "{42EA03AF-4291-4AEC-972F-6960B69965FE}"
EndProject
Global
	GlobalSection(SolutionConfigurationPlatforms) = preSolution
		Debug|Any CPU = Debug|Any CPU
		Release|Any CPU = Release|Any CPU
	EndGlobalSection
	GlobalSection(ProjectConfigurationPlatforms) = postSolution
		{C4720AEF-3993-47BE-B4B4-200A4ABD605D}.Debug|Any CPU.ActiveCfg = Debug|Any CPU
		{C4720AEF-3993-47BE-B4B4-200A4ABD605D}.Debug|Any CPU.Build.0 = Debug|Any CPU
		{C4720AEF-3993-47BE-B4B4-200A4ABD605D}.Release|Any CPU.ActiveCfg = Release|Any CPU
		{C4720AEF-3993-47BE-B4B4-200A4ABD605D}.Release|Any CPU.Build.0 = Release|Any CPU
		{42EA03AF-4291-4AEC-972F-6960B69965FE}.Debug|Any CPU.ActiveCfg = Debug|Any CPU
		{42EA03AF-4291-4AEC-972F-6960B69965FE}.Debug|Any CPU.Build.0 = Debug|Any CPU
		{42EA03AF-4291-4AEC-972F-6960B69965FE}.Release|Any CPU.ActiveCfg = Release|Any CPU
		{42EA03AF-4291-4AEC-972F-6960B69965FE}.Release|Any CPU.Build.0 = Release|Any CPU
	EndGlobalSection
	GlobalSection(SolutionProperties) = preSolution
		HideSolutionNode = FALSE
	EndGlobalSection
EndGlobal
